
Microsoft Visual Studio Solution File, Format Version 12.00
# Visual Studio Version 17
VisualStudioVersion = 17.14.36603.0 d17.14
MinimumVisualStudioVersion = 10.0.40219.1
Project("{FAE04EC0-301F-11D3-BF4B-00C04F79EFBC}") = "PremierLeague.EntityLayer", "PremierLeague.EntitiesLayer\PremierLeague.EntityLayer.csproj", "{F5D74C11-1717-437C-819F-80EC06C68C68}"
EndProject
Project("{FAE04EC0-301F-11D3-BF4B-00C04F79EFBC}") = "PremierLeague.DataAccessLayer", "PremierLeague.DataAccessLayer\PremierLeague.DataAccessLayer.csproj", "{26E3FD5F-204D-4B45-9A56-C0096B170292}"
EndProject
Project("{FAE04EC0-301F-11D3-BF4B-00C04F79EFBC}") = "PremierLeague.BusinessLayer", "PremierLeague.BusinessLayer\PremierLeague.BusinessLayer.csproj", "{1EE66CE5-9699-469A-8D45-0AC3095A97C2}"
EndProject
Project("{FAE04EC0-301F-11D3-BF4B-00C04F79EFBC}") = "PremierLeague.DtoLayer", "PremierLeague.DtoLayer\PremierLeague.DtoLayer.csproj", "{6539F56F-1E19-4218-B35C-4A41052A6A0F}"
EndProject
Project("{FAE04EC0-301F-11D3-BF4B-00C04F79EFBC}") = "PremierLeague.WebUI", "PremierLeague.WebUI\PremierLeague.WebUI.csproj", "{6BD4266B-C3F5-4B35-9BFE-6A748CE4FEC3}"
EndProject
Project("{FAE04EC0-301F-11D3-BF4B-00C04F79EFBC}") = "PremierLeague.WebApi", "PremierLeague.WebApi\PremierLeague.WebApi.csproj", "{40EB603D-0B10-4F79-84FB-905463CE05A6}"
EndProject
Global
	GlobalSection(SolutionConfigurationPlatforms) = preSolution
		Debug|Any CPU = Debug|Any CPU
		Release|Any CPU = Release|Any CPU
	EndGlobalSection
	GlobalSection(ProjectConfigurationPlatforms) = postSolution
		{F5D74C11-1717-437C-819F-80EC06C68C68}.Debug|Any CPU.ActiveCfg = Debug|Any CPU
		{F5D74C11-1717-437C-819F-80EC06C68C68}.Debug|Any CPU.Build.0 = Debug|Any CPU
		{F5D74C11-1717-437C-819F-80EC06C68C68}.Release|Any CPU.ActiveCfg = Release|Any CPU
		{F5D74C11-1717-437C-819F-80EC06C68C68}.Release|Any CPU.Build.0 = Release|Any CPU
		{26E3FD5F-204D-4B45-9A56-C0096B170292}.Debug|Any CPU.ActiveCfg = Debug|Any CPU
		{26E3FD5F-204D-4B45-9A56-C0096B170292}.Debug|Any CPU.Build.0 = Debug|Any CPU
		{26E3FD5F-204D-4B45-9A56-C0096B170292}.Release|Any CPU.ActiveCfg = Release|Any CPU
		{26E3FD5F-204D-4B45-9A56-C0096B170292}.Release|Any CPU.Build.0 = Release|Any CPU
		{1EE66CE5-9699-469A-8D45-0AC3095A97C2}.Debug|Any CPU.ActiveCfg = Debug|Any CPU
		{1EE66CE5-9699-469A-8D45-0AC3095A97C2}.Debug|Any CPU.Build.0 = Debug|Any CPU
		{1EE66CE5-9699-469A-8D45-0AC3095A97C2}.Release|Any CPU.ActiveCfg = Release|Any CPU
		{1EE66CE5-9699-469A-8D45-0AC3095A97C2}.Release|Any CPU.Build.0 = Release|Any CPU
		{6539F56F-1E19-4218-B35C-4A41052A6A0F}.Debug|Any CPU.ActiveCfg = Debug|Any CPU
		{6539F56F-1E19-4218-B35C-4A41052A6A0F}.Debug|Any CPU.Build.0 = Debug|Any CPU
		{6539F56F-1E19-4218-B35C-4A41052A6A0F}.Release|Any CPU.ActiveCfg = Release|Any CPU
		{6539F56F-1E19-4218-B35C-4A41052A6A0F}.Release|Any CPU.Build.0 = Release|Any CPU
		{6BD4266B-C3F5-4B35-9BFE-6A748CE4FEC3}.Debug|Any CPU.ActiveCfg = Debug|Any CPU
		{6BD4266B-C3F5-4B35-9BFE-6A748CE4FEC3}.Debug|Any CPU.Build.0 = Debug|Any CPU
		{6BD4266B-C3F5-4B35-9BFE-6A748CE4FEC3}.Release|Any CPU.ActiveCfg = Release|Any CPU
		{6BD4266B-C3F5-4B35-9BFE-6A748CE4FEC3}.Release|Any CPU.Build.0 = Release|Any CPU
		{40EB603D-0B10-4F79-84FB-905463CE05A6}.Debug|Any CPU.ActiveCfg = Debug|Any CPU
		{40EB603D-0B10-4F79-84FB-905463CE05A6}.Debug|Any CPU.Build.0 = Debug|Any CPU
		{40EB603D-0B10-4F79-84FB-905463CE05A6}.Release|Any CPU.ActiveCfg = Release|Any CPU
		{40EB603D-0B10-4F79-84FB-905463CE05A6}.Release|Any CPU.Build.0 = Release|Any CPU
	EndGlobalSection
	GlobalSection(SolutionProperties) = preSolution
		HideSolutionNode = FALSE
	EndGlobalSection
	GlobalSection(ExtensibilityGlobals) = postSolution
		SolutionGuid = {BBFF00CA-4572-4F2B-980F-9607EFF8F766}
	EndGlobalSection
EndGlobal
